// !$*UTF8*$!
{
	archiveVersion = 1;
	classes = {
	};
	objectVersion = 46;
	objects = {

/* Begin PBXBuildFile section */
		AB0DB6CB23280106008C9932 /* SDL2_image.framework in Frameworks */ = {isa = PBXBuildFile; fileRef = AB0DB6C923280106008C9932 /* SDL2_image.framework */; };
		AB0DB6CC23280106008C9932 /* SDL2.framework in Frameworks */ = {isa = PBXBuildFile; fileRef = AB0DB6CA23280106008C9932 /* SDL2.framework */; };
		AB0DB6D4232806F8008C9932 /* Game.cpp in Sources */ = {isa = PBXBuildFile; fileRef = AB0DB6D1232806F8008C9932 /* Game.cpp */; };
		AB0DB6D5232806F8008C9932 /* main.cpp in Sources */ = {isa = PBXBuildFile; fileRef = AB0DB6D3232806F8008C9932 /* main.cpp */; };
		AB0DB6D823285373008C9932 /* TextureManager.cpp in Sources */ = {isa = PBXBuildFile; fileRef = AB0DB6D723285373008C9932 /* TextureManager.cpp */; };
		AB0DB6DC2328AAD5008C9932 /* GameObjects.cpp in Sources */ = {isa = PBXBuildFile; fileRef = AB0DB6DA2328AAD5008C9932 /* GameObjects.cpp */; };
		ABE9177B2329ADA20005BEA4 /* Map.cpp in Sources */ = {isa = PBXBuildFile; fileRef = ABE9177A2329ADA20005BEA4 /* Map.cpp */; };
/* End PBXBuildFile section */

/* Begin PBXCopyFilesBuildPhase section */
		AB0DB6BC23280058008C9932 /* CopyFiles */ = {
			isa = PBXCopyFilesBuildPhase;
			buildActionMask = 2147483647;
			dstPath = /usr/share/man/man1/;
			dstSubfolderSpec = 0;
			files = (
			);
			runOnlyForDeploymentPostprocessing = 1;
		};
/* End PBXCopyFilesBuildPhase section */

/* Begin PBXFileReference section */
		AB0DB6BE23280058008C9932 /* Game Project */ = {isa = PBXFileReference; explicitFileType = "compiled.mach-o.executable"; includeInIndex = 0; path = "Game Project"; sourceTree = BUILT_PRODUCTS_DIR; };
		AB0DB6C923280106008C9932 /* SDL2_image.framework */ = {isa = PBXFileReference; lastKnownFileType = wrapper.framework; name = SDL2_image.framework; path = ../../../../../Library/Frameworks/SDL2_image.framework; sourceTree = "<group>"; };
		AB0DB6CA23280106008C9932 /* SDL2.framework */ = {isa = PBXFileReference; lastKnownFileType = wrapper.framework; name = SDL2.framework; path = ../../../../../Library/Frameworks/SDL2.framework; sourceTree = "<group>"; };
		AB0DB6CF2328032F008C9932 /* media */ = {isa = PBXFileReference; lastKnownFileType = folder; path = media; sourceTree = "<group>"; };
		AB0DB6D1232806F8008C9932 /* Game.cpp */ = {isa = PBXFileReference; fileEncoding = 4; indentWidth = 2; lastKnownFileType = sourcecode.cpp.cpp; path = Game.cpp; sourceTree = "<group>"; tabWidth = 2; };
		AB0DB6D2232806F8008C9932 /* Game.hpp */ = {isa = PBXFileReference; fileEncoding = 4; indentWidth = 2; lastKnownFileType = sourcecode.cpp.h; path = Game.hpp; sourceTree = "<group>"; tabWidth = 2; };
		AB0DB6D3232806F8008C9932 /* main.cpp */ = {isa = PBXFileReference; fileEncoding = 4; indentWidth = 2; lastKnownFileType = sourcecode.cpp.cpp; path = main.cpp; sourceTree = "<group>"; tabWidth = 2; };
		AB0DB6D623284FF2008C9932 /* TextureManager.hpp */ = {isa = PBXFileReference; lastKnownFileType = sourcecode.cpp.h; path = TextureManager.hpp; sourceTree = "<group>"; };
		AB0DB6D723285373008C9932 /* TextureManager.cpp */ = {isa = PBXFileReference; fileEncoding = 4; lastKnownFileType = sourcecode.cpp.cpp; path = TextureManager.cpp; sourceTree = "<group>"; };
		AB0DB6D92328A450008C9932 /* GameObjects.hpp */ = {isa = PBXFileReference; lastKnownFileType = sourcecode.cpp.h; name = GameObjects.hpp; path = ../GameObjects.hpp; sourceTree = "<group>"; };
		AB0DB6DA2328AAD5008C9932 /* GameObjects.cpp */ = {isa = PBXFileReference; fileEncoding = 4; lastKnownFileType = sourcecode.cpp.cpp; path = GameObjects.cpp; sourceTree = "<group>"; };
		ABE917792329A9BD0005BEA4 /* Map.hpp */ = {isa = PBXFileReference; lastKnownFileType = sourcecode.cpp.h; path = Map.hpp; sourceTree = "<group>"; };
		ABE9177A2329ADA20005BEA4 /* Map.cpp */ = {isa = PBXFileReference; fileEncoding = 4; lastKnownFileType = sourcecode.cpp.cpp; path = Map.cpp; sourceTree = "<group>"; };
/* End PBXFileReference section */

/* Begin PBXFrameworksBuildPhase section */
		AB0DB6BB23280058008C9932 /* Frameworks */ = {
			isa = PBXFrameworksBuildPhase;
			buildActionMask = 2147483647;
			files = (
				AB0DB6CC23280106008C9932 /* SDL2.framework in Frameworks */,
				AB0DB6CB23280106008C9932 /* SDL2_image.framework in Frameworks */,
			);
			runOnlyForDeploymentPostprocessing = 0;
		};
/* End PBXFrameworksBuildPhase section */

/* Begin PBXGroup section */
		AB0DB6B523280058008C9932 = {
			isa = PBXGroup;
			children = (
				AB0DB6C023280058008C9932 /* Game Project */,
				AB0DB6BF23280058008C9932 /* Products */,
				AB0DB6C823280106008C9932 /* Frameworks */,
			);
			sourceTree = "<group>";
		};
		AB0DB6BF23280058008C9932 /* Products */ = {
			isa = PBXGroup;
			children = (
				AB0DB6BE23280058008C9932 /* Game Project */,
			);
			name = Products;
			sourceTree = "<group>";
		};
		AB0DB6C023280058008C9932 /* Game Project */ = {
			isa = PBXGroup;
			children = (
				AB0DB6D3232806F8008C9932 /* main.cpp */,
				AB0DB6D1232806F8008C9932 /* Game.cpp */,
				AB0DB6D2232806F8008C9932 /* Game.hpp */,
				AB0DB6DA2328AAD5008C9932 /* GameObjects.cpp */,
				AB0DB6D92328A450008C9932 /* GameObjects.hpp */,
				ABE9177A2329ADA20005BEA4 /* Map.cpp */,
				ABE917792329A9BD0005BEA4 /* Map.hpp */,
				AB0DB6D723285373008C9932 /* TextureManager.cpp */,
				AB0DB6D623284FF2008C9932 /* TextureManager.hpp */,
				AB0DB6CF2328032F008C9932 /* media */,
			);
			path = "Game Project";
			sourceTree = "<group>";
		};
		AB0DB6C823280106008C9932 /* Frameworks */ = {
			isa = PBXGroup;
			children = (
				AB0DB6C923280106008C9932 /* SDL2_image.framework */,
				AB0DB6CA23280106008C9932 /* SDL2.framework */,
			);
			name = Frameworks;
			sourceTree = "<group>";
		};
/* End PBXGroup section */

/* Begin PBXNativeTarget section */
		AB0DB6BD23280058008C9932 /* Game Project */ = {
			isa = PBXNativeTarget;
			buildConfigurationList = AB0DB6C523280058008C9932 /* Build configuration list for PBXNativeTarget "Game Project" */;
			buildPhases = (
				AB0DB6BA23280058008C9932 /* Sources */,
				AB0DB6BB23280058008C9932 /* Frameworks */,
				AB0DB6BC23280058008C9932 /* CopyFiles */,
			);
			buildRules = (
			);
			dependencies = (
			);
			name = "Game Project";
			productName = "Game Project";
			productReference = AB0DB6BE23280058008C9932 /* Game Project */;
			productType = "com.apple.product-type.tool";
		};
/* End PBXNativeTarget section */

/* Begin PBXProject section */
		AB0DB6B623280058008C9932 /* Project object */ = {
			isa = PBXProject;
			attributes = {
				LastUpgradeCheck = 0820;
				ORGANIZATIONNAME = Anonymous;
				TargetAttributes = {
					AB0DB6BD23280058008C9932 = {
						CreatedOnToolsVersion = 8.2.1;
						ProvisioningStyle = Automatic;
					};
				};
			};
			buildConfigurationList = AB0DB6B923280058008C9932 /* Build configuration list for PBXProject "Game Project" */;
			compatibilityVersion = "Xcode 3.2";
			developmentRegion = English;
			hasScannedForEncodings = 0;
			knownRegions = (
				en,
			);
			mainGroup = AB0DB6B523280058008C9932;
			productRefGroup = AB0DB6BF23280058008C9932 /* Products */;
			projectDirPath = "";
			projectRoot = "";
			targets = (
				AB0DB6BD23280058008C9932 /* Game Project */,
			);
		};
/* End PBXProject section */

/* Begin PBXSourcesBuildPhase section */
		AB0DB6BA23280058008C9932 /* Sources */ = {
			isa = PBXSourcesBuildPhase;
			buildActionMask = 2147483647;
			files = (
				AB0DB6DC2328AAD5008C9932 /* GameObjects.cpp in Sources */,
				ABE9177B2329ADA20005BEA4 /* Map.cpp in Sources */,
				AB0DB6D5232806F8008C9932 /* main.cpp in Sources */,
				AB0DB6D4232806F8008C9932 /* Game.cpp in Sources */,
				AB0DB6D823285373008C9932 /* TextureManager.cpp in Sources */,
			);
			runOnlyForDeploymentPostprocessing = 0;
		};
/* End PBXSourcesBuildPhase section */

/* Begin XCBuildConfiguration section */
		AB0DB6C323280058008C9932 /* Debug */ = {
			isa = XCBuildConfiguration;
			buildSettings = {
				ALWAYS_SEARCH_USER_PATHS = NO;
				CLANG_ANALYZER_NONNULL = YES;
				CLANG_CXX_LANGUAGE_STANDARD = "gnu++0x";
				CLANG_CXX_LIBRARY = "libc++";
				CLANG_ENABLE_MODULES = YES;
				CLANG_ENABLE_OBJC_ARC = YES;
				CLANG_WARN_BOOL_CONVERSION = YES;
				CLANG_WARN_CONSTANT_CONVERSION = YES;
				CLANG_WARN_DIRECT_OBJC_ISA_USAGE = YES_ERROR;
				CLANG_WARN_DOCUMENTATION_COMMENTS = YES;
				CLANG_WARN_EMPTY_BODY = YES;
				CLANG_WARN_ENUM_CONVERSION = YES;
				CLANG_WARN_INFINITE_RECURSION = YES;
				CLANG_WARN_INT_CONVERSION = YES;
				CLANG_WARN_OBJC_ROOT_CLASS = YES_ERROR;
				CLANG_WARN_SUSPICIOUS_MOVE = YES;
				CLANG_WARN_UNREACHABLE_CODE = YES;
				CLANG_WARN__DUPLICATE_METHOD_MATCH = YES;
				CODE_SIGN_IDENTITY = "-";
				COPY_PHASE_STRIP = NO;
				DEBUG_INFORMATION_FORMAT = dwarf;
				ENABLE_STRICT_OBJC_MSGSEND = YES;
				ENABLE_TESTABILITY = YES;
				GCC_C_LANGUAGE_STANDARD = gnu99;
				GCC_DYNAMIC_NO_PIC = NO;
				GCC_NO_COMMON_BLOCKS = YES;
				GCC_OPTIMIZATION_LEVEL = 0;
				GCC_PREPROCESSOR_DEFINITIONS = (
					"DEBUG=1",
					"$(inherited)",
				);
				GCC_WARN_64_TO_32_BIT_CONVERSION = YES;
				GCC_WARN_ABOUT_RETURN_TYPE = YES_ERROR;
				GCC_WARN_UNDECLARED_SELECTOR = YES;
				GCC_WARN_UNINITIALIZED_AUTOS = YES_AGGRESSIVE;
				GCC_WARN_UNUSED_FUNCTION = YES;
				GCC_WARN_UNUSED_VARIABLE = YES;
				MACOSX_DEPLOYMENT_TARGET = 10.11;
				MTL_ENABLE_DEBUG_INFO = YES;
				ONLY_ACTIVE_ARCH = YES;
				SDKROOT = macosx;
			};
			name = Debug;
		};
		AB0DB6C423280058008C9932 /* Release */ = {
			isa = XCBuildConfiguration;
			buildSettings = {
				ALWAYS_SEARCH_USER_PATHS = NO;
				CLANG_ANALYZER_NONNULL = YES;
				CLANG_CXX_LANGUAGE_STANDARD = "gnu++0x";
				CLANG_CXX_LIBRARY = "libc++";
				CLANG_ENABLE_MODULES = YES;
				CLANG_ENABLE_OBJC_ARC = YES;
				CLANG_WARN_BOOL_CONVERSION = YES;
				CLANG_WARN_CONSTANT_CONVERSION = YES;
				CLANG_WARN_DIRECT_OBJC_ISA_USAGE = YES_ERROR;
				CLANG_WARN_DOCUMENTATION_COMMENTS = YES;
				CLANG_WARN_EMPTY_BODY = YES;
				CLANG_WARN_ENUM_CONVERSION = YES;
				CLANG_WARN_INFINITE_RECURSION = YES;
				CLANG_WARN_INT_CONVERSION = YES;
				CLANG_WARN_OBJC_ROOT_CLASS = YES_ERROR;
				CLANG_WARN_SUSPICIOUS_MOVE = YES;
				CLANG_WARN_UNREACHABLE_CODE = YES;
				CLANG_WARN__DUPLICATE_METHOD_MATCH = YES;
				CODE_SIGN_IDENTITY = "-";
				COPY_PHASE_STRIP = NO;
				DEBUG_INFORMATION_FORMAT = "dwarf-with-dsym";
				ENABLE_NS_ASSERTIONS = NO;
				ENABLE_STRICT_OBJC_MSGSEND = YES;
				GCC_C_LANGUAGE_STANDARD = gnu99;
				GCC_NO_COMMON_BLOCKS = YES;
				GCC_WARN_64_TO_32_BIT_CONVERSION = YES;
				GCC_WARN_ABOUT_RETURN_TYPE = YES_ERROR;
				GCC_WARN_UNDECLARED_SELECTOR = YES;
				GCC_WARN_UNINITIALIZED_AUTOS = YES_AGGRESSIVE;
				GCC_WARN_UNUSED_FUNCTION = YES;
				GCC_WARN_UNUSED_VARIABLE = YES;
				MACOSX_DEPLOYMENT_TARGET = 10.11;
				MTL_ENABLE_DEBUG_INFO = NO;
				SDKROOT = macosx;
			};
			name = Release;
		};
		AB0DB6C623280058008C9932 /* Debug */ = {
			isa = XCBuildConfiguration;
			buildSettings = {
				FRAMEWORK_SEARCH_PATHS = (
					"$(inherited)",
					"$(LOCAL_LIBRARY_DIR)/Frameworks",
				);
				PRODUCT_NAME = "$(TARGET_NAME)";
			};
			name = Debug;
		};
		AB0DB6C723280058008C9932 /* Release */ = {
			isa = XCBuildConfiguration;
			buildSettings = {
				FRAMEWORK_SEARCH_PATHS = (
					"$(inherited)",
					"$(LOCAL_LIBRARY_DIR)/Frameworks",
				);
				PRODUCT_NAME = "$(TARGET_NAME)";
			};
			name = Release;
		};
/* End XCBuildConfiguration section */

/* Begin XCConfigurationList section */
		AB0DB6B923280058008C9932 /* Build configuration list for PBXProject "Game Project" */ = {
			isa = XCConfigurationList;
			buildConfigurations = (
				AB0DB6C323280058008C9932 /* Debug */,
				AB0DB6C423280058008C9932 /* Release */,
			);
			defaultConfigurationIsVisible = 0;
			defaultConfigurationName = Release;
		};
		AB0DB6C523280058008C9932 /* Build configuration list for PBXNativeTarget "Game Project" */ = {
			isa = XCConfigurationList;
			buildConfigurations = (
				AB0DB6C623280058008C9932 /* Debug */,
				AB0DB6C723280058008C9932 /* Release */,
			);
			defaultConfigurationIsVisible = 0;
			defaultConfigurationName = Release;
		};
/* End XCConfigurationList section */
	};
	rootObject = AB0DB6B623280058008C9932 /* Project object */;
}
